// !$*UTF8*$!
{
	archiveVersion = 1;
	classes = {
	};
	objectVersion = 60;
	objects = {

/* Begin PBXBuildFile section */
		1CD74EB26661BE77F5350FA4 /* redirect-fixture.py in Resources */ = {isa = PBXBuildFile; fileRef = EB1CAE68FE6A21BA8E74A70A /* redirect-fixture.py */; };
		43499BE3C96B5798189D4EC3 /* SDKRuntimeUITests.swift in Sources */ = {isa = PBXBuildFile; fileRef = DF291774B424E4919B671B73 /* SDKRuntimeUITests.swift */; };
		53551C5E974A27E4A39EE5D1 /* DemoConfiguration.swift in Sources */ = {isa = PBXBuildFile; fileRef = EE7317DA8133FE422428D394 /* DemoConfiguration.swift */; };
		9325659972E3D66626A13DE6 /* DemoApp.swift in Sources */ = {isa = PBXBuildFile; fileRef = 2901B72596EC08201643C6B6 /* DemoApp.swift */; };
		B78939FF2832392CF51AF0E6 /* DemoSession.swift in Sources */ = {isa = PBXBuildFile; fileRef = 40445EE4CF94F2536FCEFDED /* DemoSession.swift */; };
		C5502AB4F5232B2A81464EEF /* BusymateAI in Frameworks */ = {isa = PBXBuildFile; productRef = AF2FCAF240DB0D940C745E76 /* BusymateAI */; };
		DA18823AC672C053BC778E2D /* DemoConfigurationTests.swift in Sources */ = {isa = PBXBuildFile; fileRef = 5A58C0493B48EFC9D870439C /* DemoConfigurationTests.swift */; };
/* End PBXBuildFile section */

/* Begin PBXContainerItemProxy section */
		390A281E5A5F5BEA1FFDEBF2 /* PBXContainerItemProxy */ = {
			isa = PBXContainerItemProxy;
			containerPortal = BE39E54B584F939B8ED71A71 /* Project object */;
			proxyType = 1;
			remoteGlobalIDString = CB88ADACFCD5A9A798676D65;
			remoteInfo = BusymateSDKExample;
		};
		9B7A7E5AB34426A796F9D705 /* PBXContainerItemProxy */ = {
			isa = PBXContainerItemProxy;
			containerPortal = BE39E54B584F939B8ED71A71 /* Project object */;
			proxyType = 1;
			remoteGlobalIDString = CB88ADACFCD5A9A798676D65;
			remoteInfo = BusymateSDKExample;
		};
/* End PBXContainerItemProxy section */

/* Begin PBXFileReference section */
		2901B72596EC08201643C6B6 /* DemoApp.swift */ = {isa = PBXFileReference; lastKnownFileType = sourcecode.swift; path = DemoApp.swift; sourceTree = "<group>"; };
		40445EE4CF94F2536FCEFDED /* DemoSession.swift */ = {isa = PBXFileReference; lastKnownFileType = sourcecode.swift; path = DemoSession.swift; sourceTree = "<group>"; };
		581FD166DF169DD7725CAD3A /* BusymateSDKExampleTests.xctest */ = {isa = PBXFileReference; includeInIndex = 0; lastKnownFileType = wrapper.cfbundle; path = BusymateSDKExampleTests.xctest; sourceTree = BUILT_PRODUCTS_DIR; };
		5A58C0493B48EFC9D870439C /* DemoConfigurationTests.swift */ = {isa = PBXFileReference; lastKnownFileType = sourcecode.swift; path = DemoConfigurationTests.swift; sourceTree = "<group>"; };
		D7D365FF644E6C5EF6F62BD6 /* sdk-ios-native-runtime */ = {isa = PBXFileReference; lastKnownFileType = folder; name = "sdk-ios-native-runtime"; path = ..; sourceTree = SOURCE_ROOT; };
		DDB1BC0CB6017C09091645F9 /* BusymateSDKExampleUITests.xctest */ = {isa = PBXFileReference; includeInIndex = 0; lastKnownFileType = wrapper.cfbundle; path = BusymateSDKExampleUITests.xctest; sourceTree = BUILT_PRODUCTS_DIR; };
		DF291774B424E4919B671B73 /* SDKRuntimeUITests.swift */ = {isa = PBXFileReference; lastKnownFileType = sourcecode.swift; path = SDKRuntimeUITests.swift; sourceTree = "<group>"; };
		E85A86DF1EE9462BD63D7ACF /* BusymateSDKExample.app */ = {isa = PBXFileReference; includeInIndex = 0; lastKnownFileType = wrapper.application; path = BusymateSDKExample.app; sourceTree = BUILT_PRODUCTS_DIR; };
		EB1CAE68FE6A21BA8E74A70A /* redirect-fixture.py */ = {isa = PBXFileReference; lastKnownFileType = text.script.python; path = "redirect-fixture.py"; sourceTree = "<group>"; };
		EE7317DA8133FE422428D394 /* DemoConfiguration.swift */ = {isa = PBXFileReference; lastKnownFileType = sourcecode.swift; path = DemoConfiguration.swift; sourceTree = "<group>"; };
/* End PBXFileReference section */

/* Begin PBXFrameworksBuildPhase section */
		21F03F68E5E19D72559863E0 /* Frameworks */ = {
			isa = PBXFrameworksBuildPhase;
			buildActionMask = 2147483647;
			files = (
				C5502AB4F5232B2A81464EEF /* BusymateAI in Frameworks */,
			);
			runOnlyForDeploymentPostprocessing = 0;
		};
/* End PBXFrameworksBuildPhase section */

/* Begin PBXGroup section */
		14BD14AE7E5B8D19C4AA518F /* Packages */ = {
			isa = PBXGroup;
			children = (
				D7D365FF644E6C5EF6F62BD6 /* sdk-ios-native-runtime */,
			);
			name = Packages;
			sourceTree = "<group>";
		};
		68CB9B867BE617E13C317686 /* Sources */ = {
			isa = PBXGroup;
			children = (
				2901B72596EC08201643C6B6 /* DemoApp.swift */,
				EE7317DA8133FE422428D394 /* DemoConfiguration.swift */,
				40445EE4CF94F2536FCEFDED /* DemoSession.swift */,
			);
			path = Sources;
			sourceTree = "<group>";
		};
		6EBFE3DFC59BE9EDC8ABFAD7 /* UITests */ = {
			isa = PBXGroup;
			children = (
				DF291774B424E4919B671B73 /* SDKRuntimeUITests.swift */,
			);
			path = UITests;
			sourceTree = "<group>";
		};
		77FFD9C8551D76DF550632DE /* Tests */ = {
			isa = PBXGroup;
			children = (
				5A58C0493B48EFC9D870439C /* DemoConfigurationTests.swift */,
				EB1CAE68FE6A21BA8E74A70A /* redirect-fixture.py */,
			);
			path = Tests;
			sourceTree = "<group>";
		};
		96AD9AD787ACF416E01CD1D9 /* Products */ = {
			isa = PBXGroup;
			children = (
				E85A86DF1EE9462BD63D7ACF /* BusymateSDKExample.app */,
				581FD166DF169DD7725CAD3A /* BusymateSDKExampleTests.xctest */,
				DDB1BC0CB6017C09091645F9 /* BusymateSDKExampleUITests.xctest */,
			);
			name = Products;
			sourceTree = "<group>";
		};
		BB56FDEF717260FF703ECA2D = {
			isa = PBXGroup;
			children = (
				14BD14AE7E5B8D19C4AA518F /* Packages */,
				68CB9B867BE617E13C317686 /* Sources */,
				77FFD9C8551D76DF550632DE /* Tests */,
				6EBFE3DFC59BE9EDC8ABFAD7 /* UITests */,
				96AD9AD787ACF416E01CD1D9 /* Products */,
			);
			sourceTree = "<group>";
		};
/* End PBXGroup section */

/* Begin PBXNativeTarget section */
		516EC27E5AC8534A4DA0E9DF /* BusymateSDKExampleUITests */ = {
			isa = PBXNativeTarget;
			buildConfigurationList = 2606174E3F0F994B201EBBDA /* Build configuration list for PBXNativeTarget "BusymateSDKExampleUITests" */;
			buildPhases = (
				BC9F94288FC2EC92B990CC77 /* Sources */,
			);
			buildRules = (
			);
			dependencies = (
				6B910E2879AC395A6B07C00D /* PBXTargetDependency */,
			);
			name = BusymateSDKExampleUITests;
			packageProductDependencies = (
			);
			productName = BusymateSDKExampleUITests;
			productReference = DDB1BC0CB6017C09091645F9 /* BusymateSDKExampleUITests.xctest */;
			productType = "com.apple.product-type.bundle.ui-testing";
		};
		ACB7477D8D04E7C1EB950B32 /* BusymateSDKExampleTests */ = {
			isa = PBXNativeTarget;
			buildConfigurationList = 295B689BD3E1A55764A46FF1 /* Build configuration list for PBXNativeTarget "BusymateSDKExampleTests" */;
			buildPhases = (
				547B4767534A870C6102D026 /* Sources */,
				A618C340EC11050AF7BC72D6 /* Resources */,
			);
			buildRules = (
			);
			dependencies = (
				8E361FDE6B68B88DDEE72952 /* PBXTargetDependency */,
			);
			name = BusymateSDKExampleTests;
			packageProductDependencies = (
			);
			productName = BusymateSDKExampleTests;
			productReference = 581FD166DF169DD7725CAD3A /* BusymateSDKExampleTests.xctest */;
			productType = "com.apple.product-type.bundle.unit-test";
		};
		CB88ADACFCD5A9A798676D65 /* BusymateSDKExample */ = {
			isa = PBXNativeTarget;
			buildConfigurationList = B84C16B6FAF2D1EC32190628 /* Build configuration list for PBXNativeTarget "BusymateSDKExample" */;
			buildPhases = (
				1FEC7CCF04D2E0F098AA5899 /* Sources */,
				21F03F68E5E19D72559863E0 /* Frameworks */,
			);
			buildRules = (
			);
			dependencies = (
			);
			name = BusymateSDKExample;
			packageProductDependencies = (
				AF2FCAF240DB0D940C745E76 /* BusymateAI */,
			);
			productName = BusymateSDKExample;
			productReference = E85A86DF1EE9462BD63D7ACF /* BusymateSDKExample.app */;
			productType = "com.apple.product-type.application";
		};
/* End PBXNativeTarget section */

/* Begin PBXProject section */
		BE39E54B584F939B8ED71A71 /* Project object */ = {
			isa = PBXProject;
			attributes = {
				BuildIndependentTargetsInParallel = YES;
				LastUpgradeCheck = 1430;
				TargetAttributes = {
					516EC27E5AC8534A4DA0E9DF = {
						TestTargetID = CB88ADACFCD5A9A798676D65;
					};
				};
			};
			buildConfigurationList = FC4F8B0A7C2CE5AC2DA53DC3 /* Build configuration list for PBXProject "BusymateSDKExample" */;
			compatibilityVersion = "Xcode 15.0";
			developmentRegion = en;
			hasScannedForEncodings = 0;
			knownRegions = (
				Base,
				en,
			);
			mainGroup = BB56FDEF717260FF703ECA2D;
			minimizedProjectReferenceProxies = 1;
			packageReferences = (
				DA94AC8BAC668674664008A5 /* XCLocalSwiftPackageReference ".." */,
			);
			productRefGroup = 96AD9AD787ACF416E01CD1D9 /* Products */;
			projectDirPath = "";
			projectRoot = "";
			targets = (
				CB88ADACFCD5A9A798676D65 /* BusymateSDKExample */,
				ACB7477D8D04E7C1EB950B32 /* BusymateSDKExampleTests */,
				516EC27E5AC8534A4DA0E9DF /* BusymateSDKExampleUITests */,
			);
		};
/* End PBXProject section */

/* Begin PBXResourcesBuildPhase section */
		A618C340EC11050AF7BC72D6 /* Resources */ = {
			isa = PBXResourcesBuildPhase;
			buildActionMask = 2147483647;
			files = (
				1CD74EB26661BE77F5350FA4 /* redirect-fixture.py in Resources */,
			);
			runOnlyForDeploymentPostprocessing = 0;
		};
/* End PBXResourcesBuildPhase section */

/* Begin PBXSourcesBuildPhase section */
		1FEC7CCF04D2E0F098AA5899 /* Sources */ = {
			isa = PBXSourcesBuildPhase;
			buildActionMask = 2147483647;
			files = (
				9325659972E3D66626A13DE6 /* DemoApp.swift in Sources */,
				53551C5E974A27E4A39EE5D1 /* DemoConfiguration.swift in Sources */,
				B78939FF2832392CF51AF0E6 /* DemoSession.swift in Sources */,
			);
			runOnlyForDeploymentPostprocessing = 0;
		};
		547B4767534A870C6102D026 /* Sources */ = {
			isa = PBXSourcesBuildPhase;
			buildActionMask = 2147483647;
			files = (
				DA18823AC672C053BC778E2D /* DemoConfigurationTests.swift in Sources */,
			);
			runOnlyForDeploymentPostprocessing = 0;
		};
		BC9F94288FC2EC92B990CC77 /* Sources */ = {
			isa = PBXSourcesBuildPhase;
			buildActionMask = 2147483647;
			files = (
				43499BE3C96B5798189D4EC3 /* SDKRuntimeUITests.swift in Sources */,
			);
			runOnlyForDeploymentPostprocessing = 0;
		};
/* End PBXSourcesBuildPhase section */

/* Begin PBXTargetDependency section */
		6B910E2879AC395A6B07C00D /* PBXTargetDependency */ = {
			isa = PBXTargetDependency;
			target = CB88ADACFCD5A9A798676D65 /* BusymateSDKExample */;
			targetProxy = 390A281E5A5F5BEA1FFDEBF2 /* PBXContainerItemProxy */;
		};
		8E361FDE6B68B88DDEE72952 /* PBXTargetDependency */ = {
			isa = PBXTargetDependency;
			target = CB88ADACFCD5A9A798676D65 /* BusymateSDKExample */;
			targetProxy = 9B7A7E5AB34426A796F9D705 /* PBXContainerItemProxy */;
		};
/* End PBXTargetDependency section */

/* Begin XCBuildConfiguration section */
		22FE6E521784DE84D9065DFE /* Debug */ = {
			isa = XCBuildConfiguration;
			buildSettings = {
				BUNDLE_LOADER = "$(TEST_HOST)";
				GENERATE_INFOPLIST_FILE = YES;
				LD_RUNPATH_SEARCH_PATHS = (
					"$(inherited)",
					"@executable_path/Frameworks",
					"@loader_path/Frameworks",
				);
				PRODUCT_BUNDLE_IDENTIFIER = ai.busymate.sdk.example.tests;
				SDKROOT = iphoneos;
				TARGETED_DEVICE_FAMILY = "1,2";
				TEST_HOST = "$(BUILT_PRODUCTS_DIR)/BusymateSDKExample.app/BusymateSDKExample";
			};
			name = Debug;
		};
		435B74D35B672AC93EBBC5B7 /* Release */ = {
			isa = XCBuildConfiguration;
			buildSettings = {
				BUNDLE_LOADER = "$(TEST_HOST)";
				GENERATE_INFOPLIST_FILE = YES;
				LD_RUNPATH_SEARCH_PATHS = (
					"$(inherited)",
					"@executable_path/Frameworks",
					"@loader_path/Frameworks",
				);
				PRODUCT_BUNDLE_IDENTIFIER = ai.busymate.sdk.example.uitests;
				SDKROOT = iphoneos;
				TARGETED_DEVICE_FAMILY = "1,2";
				TEST_TARGET_NAME = BusymateSDKExample;
			};
			name = Release;
		};
		78042BF9AD4F7BE2306B5536 /* Debug */ = {
			isa = XCBuildConfiguration;
			buildSettings = {
				BUNDLE_LOADER = "$(TEST_HOST)";
				GENERATE_INFOPLIST_FILE = YES;
				LD_RUNPATH_SEARCH_PATHS = (
					"$(inherited)",
					"@executable_path/Frameworks",
					"@loader_path/Frameworks",
				);
				PRODUCT_BUNDLE_IDENTIFIER = ai.busymate.sdk.example.uitests;
				SDKROOT = iphoneos;
				TARGETED_DEVICE_FAMILY = "1,2";
				TEST_TARGET_NAME = BusymateSDKExample;
			};
			name = Debug;
		};
		9CE1C0BE3FCC1436DB48F9AE /* Release */ = {
			isa = XCBuildConfiguration;
			buildSettings = {
				BUNDLE_LOADER = "$(TEST_HOST)";
				GENERATE_INFOPLIST_FILE = YES;
				LD_RUNPATH_SEARCH_PATHS = (
					"$(inherited)",
					"@executable_path/Frameworks",
					"@loader_path/Frameworks",
				);
				PRODUCT_BUNDLE_IDENTIFIER = ai.busymate.sdk.example.tests;
				SDKROOT = iphoneos;
				TARGETED_DEVICE_FAMILY = "1,2";
				TEST_HOST = "$(BUILT_PRODUCTS_DIR)/BusymateSDKExample.app/BusymateSDKExample";
			};
			name = Release;
		};
		B3299F64306C2821E7D25D58 /* Debug */ = {
			isa = XCBuildConfiguration;
			buildSettings = {
				ASSETCATALOG_COMPILER_APPICON_NAME = AppIcon;
				CODE_SIGN_IDENTITY = "iPhone Developer";
				GENERATE_INFOPLIST_FILE = NO;
				INFOPLIST_FILE = Info.plist;
				LD_RUNPATH_SEARCH_PATHS = (
					"$(inherited)",
					"@executable_path/Frameworks",
				);
				PRODUCT_BUNDLE_IDENTIFIER = ai.busymate.sdk.example;
				SDKROOT = iphoneos;
				TARGETED_DEVICE_FAMILY = "1,2";
			};
			name = Debug;
		};
		CD107621C183D9083A470CEF /* Release */ = {
			isa = XCBuildConfiguration;
			buildSettings = {
				ALWAYS_SEARCH_USER_PATHS = NO;
				CLANG_ANALYZER_NONNULL = YES;
				CLANG_ANALYZER_NUMBER_OBJECT_CONVERSION = YES_AGGRESSIVE;
				CLANG_CXX_LANGUAGE_STANDARD = "gnu++14";
				CLANG_CXX_LIBRARY = "libc++";
				CLANG_ENABLE_MODULES = YES;
				CLANG_ENABLE_OBJC_ARC = YES;
				CLANG_ENABLE_OBJC_WEAK = YES;
				CLANG_WARN_BLOCK_CAPTURE_AUTORELEASING = YES;
				CLANG_WARN_BOOL_CONVERSION = YES;
				CLANG_WARN_COMMA = YES;
				CLANG_WARN_CONSTANT_CONVERSION = YES;
				CLANG_WARN_DEPRECATED_OBJC_IMPLEMENTATIONS = YES;
				CLANG_WARN_DIRECT_OBJC_ISA_USAGE = YES_ERROR;
				CLANG_WARN_DOCUMENTATION_COMMENTS = YES;
				CLANG_WARN_EMPTY_BODY = YES;
				CLANG_WARN_ENUM_CONVERSION = YES;
				CLANG_WARN_INFINITE_RECURSION = YES;
				CLANG_WARN_INT_CONVERSION = YES;
				CLANG_WARN_NON_LITERAL_NULL_CONVERSION = YES;
				CLANG_WARN_OBJC_IMPLICIT_RETAIN_SELF = YES;
				CLANG_WARN_OBJC_LITERAL_CONVERSION = YES;
				CLANG_WARN_OBJC_ROOT_CLASS = YES_ERROR;
				CLANG_WARN_QUOTED_INCLUDE_IN_FRAMEWORK_HEADER = YES;
				CLANG_WARN_RANGE_LOOP_ANALYSIS = YES;
				CLANG_WARN_STRICT_PROTOTYPES = YES;
				CLANG_WARN_SUSPICIOUS_MOVE = YES;
				CLANG_WARN_UNGUARDED_AVAILABILITY = YES_AGGRESSIVE;
				CLANG_WARN_UNREACHABLE_CODE = YES;
				CLANG_WARN__DUPLICATE_METHOD_MATCH = YES;
				CODE_SIGNING_ALLOWED = NO;
				COPY_PHASE_STRIP = NO;
				DEBUG_INFORMATION_FORMAT = "dwarf-with-dsym";
				ENABLE_NS_ASSERTIONS = NO;
				ENABLE_STRICT_OBJC_MSGSEND = YES;
				GCC_C_LANGUAGE_STANDARD = gnu11;
				GCC_NO_COMMON_BLOCKS = YES;
				GCC_WARN_64_TO_32_BIT_CONVERSION = YES;
				GCC_WARN_ABOUT_RETURN_TYPE = YES_ERROR;
				GCC_WARN_UNDECLARED_SELECTOR = YES;
				GCC_WARN_UNINITIALIZED_AUTOS = YES_AGGRESSIVE;
				GCC_WARN_UNUSED_FUNCTION = YES;
				GCC_WARN_UNUSED_VARIABLE = YES;
				IPHONEOS_DEPLOYMENT_TARGET = 15.0;
				MTL_ENABLE_DEBUG_INFO = NO;
				MTL_FAST_MATH = YES;
				PRODUCT_NAME = "$(TARGET_NAME)";
				SDKROOT = iphoneos;
				SWIFT_COMPILATION_MODE = wholemodule;
				SWIFT_OPTIMIZATION_LEVEL = "-O";
				SWIFT_VERSION = 5.0;
			};
			name = Release;
		};
		D4ADDBE54BE0C18A447DB329 /* Release */ = {
			isa = XCBuildConfiguration;
			buildSettings = {
				ASSETCATALOG_COMPILER_APPICON_NAME = AppIcon;
				CODE_SIGN_IDENTITY = "iPhone Developer";
				GENERATE_INFOPLIST_FILE = NO;
				INFOPLIST_FILE = Info.plist;
				LD_RUNPATH_SEARCH_PATHS = (
					"$(inherited)",
					"@executable_path/Frameworks",
				);
				PRODUCT_BUNDLE_IDENTIFIER = ai.busymate.sdk.example;
				SDKROOT = iphoneos;
				TARGETED_DEVICE_FAMILY = "1,2";
			};
			name = Release;
		};
		DFE1AAA1AD6CC65183C42DAB /* Debug */ = {
			isa = XCBuildConfiguration;
			buildSettings = {
				ALWAYS_SEARCH_USER_PATHS = NO;
				CLANG_ANALYZER_NONNULL = YES;
				CLANG_ANALYZER_NUMBER_OBJECT_CONVERSION = YES_AGGRESSIVE;
				CLANG_CXX_LANGUAGE_STANDARD = "gnu++14";
				CLANG_CXX_LIBRARY = "libc++";
				CLANG_ENABLE_MODULES = YES;
				CLANG_ENABLE_OBJC_ARC = YES;
				CLANG_ENABLE_OBJC_WEAK = YES;
				CLANG_WARN_BLOCK_CAPTURE_AUTORELEASING = YES;
				CLANG_WARN_BOOL_CONVERSION = YES;
				CLANG_WARN_COMMA = YES;
				CLANG_WARN_CONSTANT_CONVERSION = YES;
				CLANG_WARN_DEPRECATED_OBJC_IMPLEMENTATIONS = YES;
				CLANG_WARN_DIRECT_OBJC_ISA_USAGE = YES_ERROR;
				CLANG_WARN_DOCUMENTATION_COMMENTS = YES;
				CLANG_WARN_EMPTY_BODY = YES;
				CLANG_WARN_ENUM_CONVERSION = YES;
				CLANG_WARN_INFINITE_RECURSION = YES;
				CLANG_WARN_INT_CONVERSION = YES;
				CLANG_WARN_NON_LITERAL_NULL_CONVERSION = YES;
				CLANG_WARN_OBJC_IMPLICIT_RETAIN_SELF = YES;
				CLANG_WARN_OBJC_LITERAL_CONVERSION = YES;
				CLANG_WARN_OBJC_ROOT_CLASS = YES_ERROR;
				CLANG_WARN_QUOTED_INCLUDE_IN_FRAMEWORK_HEADER = YES;
				CLANG_WARN_RANGE_LOOP_ANALYSIS = YES;
				CLANG_WARN_STRICT_PROTOTYPES = YES;
				CLANG_WARN_SUSPICIOUS_MOVE = YES;
				CLANG_WARN_UNGUARDED_AVAILABILITY = YES_AGGRESSIVE;
				CLANG_WARN_UNREACHABLE_CODE = YES;
				CLANG_WARN__DUPLICATE_METHOD_MATCH = YES;
				CODE_SIGNING_ALLOWED = NO;
				COPY_PHASE_STRIP = NO;
				DEBUG_INFORMATION_FORMAT = dwarf;
				ENABLE_STRICT_OBJC_MSGSEND = YES;
				ENABLE_TESTABILITY = YES;
				GCC_C_LANGUAGE_STANDARD = gnu11;
				GCC_DYNAMIC_NO_PIC = NO;
				GCC_NO_COMMON_BLOCKS = YES;
				GCC_OPTIMIZATION_LEVEL = 0;
				GCC_PREPROCESSOR_DEFINITIONS = (
					"$(inherited)",
					"DEBUG=1",
				);
				GCC_WARN_64_TO_32_BIT_CONVERSION = YES;
				GCC_WARN_ABOUT_RETURN_TYPE = YES_ERROR;
				GCC_WARN_UNDECLARED_SELECTOR = YES;
				GCC_WARN_UNINITIALIZED_AUTOS = YES_AGGRESSIVE;
				GCC_WARN_UNUSED_FUNCTION = YES;
				GCC_WARN_UNUSED_VARIABLE = YES;
				IPHONEOS_DEPLOYMENT_TARGET = 15.0;
				MTL_ENABLE_DEBUG_INFO = INCLUDE_SOURCE;
				MTL_FAST_MATH = YES;
				ONLY_ACTIVE_ARCH = YES;
				PRODUCT_NAME = "$(TARGET_NAME)";
				SDKROOT = iphoneos;
				SWIFT_ACTIVE_COMPILATION_CONDITIONS = DEBUG;
				SWIFT_OPTIMIZATION_LEVEL = "-Onone";
				SWIFT_VERSION = 5.0;
			};
			name = Debug;
		};
/* End XCBuildConfiguration section */

/* Begin XCConfigurationList section */
		2606174E3F0F994B201EBBDA /* Build configuration list for PBXNativeTarget "BusymateSDKExampleUITests" */ = {
			isa = XCConfigurationList;
			buildConfigurations = (
				78042BF9AD4F7BE2306B5536 /* Debug */,
				435B74D35B672AC93EBBC5B7 /* Release */,
			);
			defaultConfigurationIsVisible = 0;
			defaultConfigurationName = Debug;
		};
		295B689BD3E1A55764A46FF1 /* Build configuration list for PBXNativeTarget "BusymateSDKExampleTests" */ = {
			isa = XCConfigurationList;
			buildConfigurations = (
				22FE6E521784DE84D9065DFE /* Debug */,
				9CE1C0BE3FCC1436DB48F9AE /* Release */,
			);
			defaultConfigurationIsVisible = 0;
			defaultConfigurationName = Debug;
		};
		B84C16B6FAF2D1EC32190628 /* Build configuration list for PBXNativeTarget "BusymateSDKExample" */ = {
			isa = XCConfigurationList;
			buildConfigurations = (
				B3299F64306C2821E7D25D58 /* Debug */,
				D4ADDBE54BE0C18A447DB329 /* Release */,
			);
			defaultConfigurationIsVisible = 0;
			defaultConfigurationName = Debug;
		};
		FC4F8B0A7C2CE5AC2DA53DC3 /* Build configuration list for PBXProject "BusymateSDKExample" */ = {
			isa = XCConfigurationList;
			buildConfigurations = (
				DFE1AAA1AD6CC65183C42DAB /* Debug */,
				CD107621C183D9083A470CEF /* Release */,
			);
			defaultConfigurationIsVisible = 0;
			defaultConfigurationName = Debug;
		};
/* End XCConfigurationList section */

/* Begin XCLocalSwiftPackageReference section */
		DA94AC8BAC668674664008A5 /* XCLocalSwiftPackageReference ".." */ = {
			isa = XCLocalSwiftPackageReference;
			relativePath = ..;
		};
/* End XCLocalSwiftPackageReference section */

/* Begin XCSwiftPackageProductDependency section */
		AF2FCAF240DB0D940C745E76 /* BusymateAI */ = {
			isa = XCSwiftPackageProductDependency;
			productName = BusymateAI;
		};
/* End XCSwiftPackageProductDependency section */
	};
	rootObject = BE39E54B584F939B8ED71A71 /* Project object */;
}
